// !$*UTF8*$!
{
	archiveVersion = 1;
	classes = {
	};
	objectVersion = 46;
	objects = {

/* Begin PBXBuildFile section */
		18C9E5F01A480B4500359895 /* main.m in Sources */ = {isa = PBXBuildFile; fileRef = 18C9E5EF1A480B4500359895 /* main.m */; };
		18C9E5F31A480B4500359895 /* AppDelegate.m in Sources */ = {isa = PBXBuildFile; fileRef = 18C9E5F21A480B4500359895 /* AppDelegate.m */; };
		18C9E5F61A480B4500359895 /* ViewController.m in Sources */ = {isa = PBXBuildFile; fileRef = 18C9E5F51A480B4500359895 /* ViewController.m */; };
		18C9E5F91A480B4500359895 /* Main.storyboard in Resources */ = {isa = PBXBuildFile; fileRef = 18C9E5F71A480B4500359895 /* Main.storyboard */; };
		18C9E5FB1A480B4500359895 /* Images.xcassets in Resources */ = {isa = PBXBuildFile; fileRef = 18C9E5FA1A480B4500359895 /* Images.xcassets */; };
		18C9E5FE1A480B4500359895 /* LaunchScreen.xib in Resources */ = {isa = PBXBuildFile; fileRef = 18C9E5FC1A480B4500359895 /* LaunchScreen.xib */; };
		18C9E60A1A480B4600359895 /* B03___blockTests.m in Sources */ = {isa = PBXBuildFile; fileRef = 18C9E6091A480B4600359895 /* B03___blockTests.m */; };
/* End PBXBuildFile section */

/* Begin PBXContainerItemProxy section */
		18C9E6041A480B4600359895 /* PBXContainerItemProxy */ = {
			isa = PBXContainerItemProxy;
			containerPortal = 18C9E5E21A480B4500359895 /* Project object */;
			proxyType = 1;
			remoteGlobalIDString = 18C9E5E91A480B4500359895;
			remoteInfo = "B03-复习block";
		};
/* End PBXContainerItemProxy section */

/* Begin PBXFileReference section */
		18C9E5EA1A480B4500359895 /* B03-复习block.app */ = {isa = PBXFileReference; explicitFileType = wrapper.application; includeInIndex = 0; path = "B03-复习block.app"; sourceTree = BUILT_PRODUCTS_DIR; };
		18C9E5EE1A480B4500359895 /* Info.plist */ = {isa = PBXFileReference; lastKnownFileType = text.plist.xml; path = Info.plist; sourceTree = "<group>"; };
		18C9E5EF1A480B4500359895 /* main.m */ = {isa = PBXFileReference; lastKnownFileType = sourcecode.c.objc; path = main.m; sourceTree = "<group>"; };
		18C9E5F11A480B4500359895 /* AppDelegate.h */ = {isa = PBXFileReference; lastKnownFileType = sourcecode.c.h; path = AppDelegate.h; sourceTree = "<group>"; };
		18C9E5F21A480B4500359895 /* AppDelegate.m */ = {isa = PBXFileReference; lastKnownFileType = sourcecode.c.objc; path = AppDelegate.m; sourceTree = "<group>"; };
		18C9E5F41A480B4500359895 /* ViewController.h */ = {isa = PBXFileReference; lastKnownFileType = sourcecode.c.h; path = ViewController.h; sourceTree = "<group>"; };
		18C9E5F51A480B4500359895 /* ViewController.m */ = {isa = PBXFileReference; lastKnownFileType = sourcecode.c.objc; path = ViewController.m; sourceTree = "<group>"; };
		18C9E5F81A480B4500359895 /* Base */ = {isa = PBXFileReference; lastKnownFileType = file.storyboard; name = Base; path = Base.lproj/Main.storyboard; sourceTree = "<group>"; };
		18C9E5FA1A480B4500359895 /* Images.xcassets */ = {isa = PBXFileReference; lastKnownFileType = folder.assetcatalog; path = Images.xcassets; sourceTree = "<group>"; };
		18C9E5FD1A480B4500359895 /* Base */ = {isa = PBXFileReference; lastKnownFileType = file.xib; name = Base; path = Base.lproj/LaunchScreen.xib; sourceTree = "<group>"; };
		18C9E6031A480B4600359895 /* B03-复习blockTests.xctest */ = {isa = PBXFileReference; explicitFileType = wrapper.cfbundle; includeInIndex = 0; path = "B03-复习blockTests.xctest"; sourceTree = BUILT_PRODUCTS_DIR; };
		18C9E6081A480B4600359895 /* Info.plist */ = {isa = PBXFileReference; lastKnownFileType = text.plist.xml; path = Info.plist; sourceTree = "<group>"; };
		18C9E6091A480B4600359895 /* B03___blockTests.m */ = {isa = PBXFileReference; lastKnownFileType = sourcecode.c.objc; path = "B03___blockTests.m"; sourceTree = "<group>"; };
/* End PBXFileReference section */

/* Begin PBXFrameworksBuildPhase section */
		18C9E5E71A480B4500359895 /* Frameworks */ = {
			isa = PBXFrameworksBuildPhase;
			buildActionMask = 2147483647;
			files = (
			);
			runOnlyForDeploymentPostprocessing = 0;
		};
		18C9E6001A480B4600359895 /* Frameworks */ = {
			isa = PBXFrameworksBuildPhase;
			buildActionMask = 2147483647;
			files = (
			);
			runOnlyForDeploymentPostprocessing = 0;
		};
/* End PBXFrameworksBuildPhase section */

/* Begin PBXGroup section */
		18C9E5E11A480B4500359895 = {
			isa = PBXGroup;
			children = (
				18C9E5EC1A480B4500359895 /* B03-复习block */,
				18C9E6061A480B4600359895 /* B03-复习blockTests */,
				18C9E5EB1A480B4500359895 /* Products */,
			);
			sourceTree = "<group>";
		};
		18C9E5EB1A480B4500359895 /* Products */ = {
			isa = PBXGroup;
			children = (
				18C9E5EA1A480B4500359895 /* B03-复习block.app */,
				18C9E6031A480B4600359895 /* B03-复习blockTests.xctest */,
			);
			name = Products;
			sourceTree = "<group>";
		};
		18C9E5EC1A480B4500359895 /* B03-复习block */ = {
			isa = PBXGroup;
			children = (
				18C9E5F11A480B4500359895 /* AppDelegate.h */,
				18C9E5F21A480B4500359895 /* AppDelegate.m */,
				18C9E5F41A480B4500359895 /* ViewController.h */,
				18C9E5F51A480B4500359895 /* ViewController.m */,
				18C9E5F71A480B4500359895 /* Main.storyboard */,
				18C9E5FA1A480B4500359895 /* Images.xcassets */,
				18C9E5FC1A480B4500359895 /* LaunchScreen.xib */,
				18C9E5ED1A480B4500359895 /* Supporting Files */,
			);
			path = "B03-复习block";
			sourceTree = "<group>";
		};
		18C9E5ED1A480B4500359895 /* Supporting Files */ = {
			isa = PBXGroup;
			children = (
				18C9E5EE1A480B4500359895 /* Info.plist */,
				18C9E5EF1A480B4500359895 /* main.m */,
			);
			name = "Supporting Files";
			sourceTree = "<group>";
		};
		18C9E6061A480B4600359895 /* B03-复习blockTests */ = {
			isa = PBXGroup;
			children = (
				18C9E6091A480B4600359895 /* B03___blockTests.m */,
				18C9E6071A480B4600359895 /* Supporting Files */,
			);
			path = "B03-复习blockTests";
			sourceTree = "<group>";
		};
		18C9E6071A480B4600359895 /* Supporting Files */ = {
			isa = PBXGroup;
			children = (
				18C9E6081A480B4600359895 /* Info.plist */,
			);
			name = "Supporting Files";
			sourceTree = "<group>";
		};
/* End PBXGroup section */

/* Begin PBXNativeTarget section */
		18C9E5E91A480B4500359895 /* B03-复习block */ = {
			isa = PBXNativeTarget;
			buildConfigurationList = 18C9E60D1A480B4600359895 /* Build configuration list for PBXNativeTarget "B03-复习block" */;
			buildPhases = (
				18C9E5E61A480B4500359895 /* Sources */,
				18C9E5E71A480B4500359895 /* Frameworks */,
				18C9E5E81A480B4500359895 /* Resources */,
			);
			buildRules = (
			);
			dependencies = (
			);
			name = "B03-复习block";
			productName = "B03-复习block";
			productReference = 18C9E5EA1A480B4500359895 /* B03-复习block.app */;
			productType = "com.apple.product-type.application";
		};
		18C9E6021A480B4600359895 /* B03-复习blockTests */ = {
			isa = PBXNativeTarget;
			buildConfigurationList = 18C9E6101A480B4600359895 /* Build configuration list for PBXNativeTarget "B03-复习blockTests" */;
			buildPhases = (
				18C9E5FF1A480B4600359895 /* Sources */,
				18C9E6001A480B4600359895 /* Frameworks */,
				18C9E6011A480B4600359895 /* Resources */,
			);
			buildRules = (
			);
			dependencies = (
				18C9E6051A480B4600359895 /* PBXTargetDependency */,
			);
			name = "B03-复习blockTests";
			productName = "B03-复习blockTests";
			productReference = 18C9E6031A480B4600359895 /* B03-复习blockTests.xctest */;
			productType = "com.apple.product-type.bundle.unit-test";
		};
/* End PBXNativeTarget section */

/* Begin PBXProject section */
		18C9E5E21A480B4500359895 /* Project object */ = {
			isa = PBXProject;
			attributes = {
				LastUpgradeCheck = 0610;
				ORGANIZATIONNAME = itcast;
				TargetAttributes = {
					18C9E5E91A480B4500359895 = {
						CreatedOnToolsVersion = 6.1;
					};
					18C9E6021A480B4600359895 = {
						CreatedOnToolsVersion = 6.1;
						TestTargetID = 18C9E5E91A480B4500359895;
					};
				};
			};
			buildConfigurationList = 18C9E5E51A480B4500359895 /* Build configuration list for PBXProject "B03-复习block" */;
			compatibilityVersion = "Xcode 3.2";
			developmentRegion = English;
			hasScannedForEncodings = 0;
			knownRegions = (
				en,
				Base,
			);
			mainGroup = 18C9E5E11A480B4500359895;
			productRefGroup = 18C9E5EB1A480B4500359895 /* Products */;
			projectDirPath = "";
			projectRoot = "";
			targets = (
				18C9E5E91A480B4500359895 /* B03-复习block */,
				18C9E6021A480B4600359895 /* B03-复习blockTests */,
			);
		};
/* End PBXProject section */

/* Begin PBXResourcesBuildPhase section */
		18C9E5E81A480B4500359895 /* Resources */ = {
			isa = PBXResourcesBuildPhase;
			buildActionMask = 2147483647;
			files = (
				18C9E5F91A480B4500359895 /* Main.storyboard in Resources */,
				18C9E5FE1A480B4500359895 /* LaunchScreen.xib in Resources */,
				18C9E5FB1A480B4500359895 /* Images.xcassets in Resources */,
			);
			runOnlyForDeploymentPostprocessing = 0;
		};
		18C9E6011A480B4600359895 /* Resources */ = {
			isa = PBXResourcesBuildPhase;
			buildActionMask = 2147483647;
			files = (
			);
			runOnlyForDeploymentPostprocessing = 0;
		};
/* End PBXResourcesBuildPhase section */

/* Begin PBXSourcesBuildPhase section */
		18C9E5E61A480B4500359895 /* Sources */ = {
			isa = PBXSourcesBuildPhase;
			buildActionMask = 2147483647;
			files = (
				18C9E5F61A480B4500359895 /* ViewController.m in Sources */,
				18C9E5F31A480B4500359895 /* AppDelegate.m in Sources */,
				18C9E5F01A480B4500359895 /* main.m in Sources */,
			);
			runOnlyForDeploymentPostprocessing = 0;
		};
		18C9E5FF1A480B4600359895 /* Sources */ = {
			isa = PBXSourcesBuildPhase;
			buildActionMask = 2147483647;
			files = (
				18C9E60A1A480B4600359895 /* B03___blockTests.m in Sources */,
			);
			runOnlyForDeploymentPostprocessing = 0;
		};
/* End PBXSourcesBuildPhase section */

/* Begin PBXTargetDependency section */
		18C9E6051A480B4600359895 /* PBXTargetDependency */ = {
			isa = PBXTargetDependency;
			target = 18C9E5E91A480B4500359895 /* B03-复习block */;
			targetProxy = 18C9E6041A480B4600359895 /* PBXContainerItemProxy */;
		};
/* End PBXTargetDependency section */

/* Begin PBXVariantGroup section */
		18C9E5F71A480B4500359895 /* Main.storyboard */ = {
			isa = PBXVariantGroup;
			children = (
				18C9E5F81A480B4500359895 /* Base */,
			);
			name = Main.storyboard;
			sourceTree = "<group>";
		};
		18C9E5FC1A480B4500359895 /* LaunchScreen.xib */ = {
			isa = PBXVariantGroup;
			children = (
				18C9E5FD1A480B4500359895 /* Base */,
			);
			name = LaunchScreen.xib;
			sourceTree = "<group>";
		};
/* End PBXVariantGroup section */

/* Begin XCBuildConfiguration section */
		18C9E60B1A480B4600359895 /* Debug */ = {
			isa = XCBuildConfiguration;
			buildSettings = {
				ALWAYS_SEARCH_USER_PATHS = NO;
				CLANG_CXX_LANGUAGE_STANDARD = "gnu++0x";
				CLANG_CXX_LIBRARY = "libc++";
				CLANG_ENABLE_MODULES = YES;
				CLANG_ENABLE_OBJC_ARC = YES;
				CLANG_WARN_BOOL_CONVERSION = YES;
				CLANG_WARN_CONSTANT_CONVERSION = YES;
				CLANG_WARN_DIRECT_OBJC_ISA_USAGE = YES_ERROR;
				CLANG_WARN_EMPTY_BODY = YES;
				CLANG_WARN_ENUM_CONVERSION = YES;
				CLANG_WARN_INT_CONVERSION = YES;
				CLANG_WARN_OBJC_ROOT_CLASS = YES_ERROR;
				CLANG_WARN_UNREACHABLE_CODE = YES;
				CLANG_WARN__DUPLICATE_METHOD_MATCH = YES;
				"CODE_SIGN_IDENTITY[sdk=iphoneos*]" = "iPhone Developer";
				COPY_PHASE_STRIP = NO;
				ENABLE_STRICT_OBJC_MSGSEND = YES;
				GCC_C_LANGUAGE_STANDARD = gnu99;
				GCC_DYNAMIC_NO_PIC = NO;
				GCC_OPTIMIZATION_LEVEL = 0;
				GCC_PREPROCESSOR_DEFINITIONS = (
					"DEBUG=1",
					"$(inherited)",
				);
				GCC_SYMBOLS_PRIVATE_EXTERN = NO;
				GCC_WARN_64_TO_32_BIT_CONVERSION = YES;
				GCC_WARN_ABOUT_RETURN_TYPE = YES_ERROR;
				GCC_WARN_UNDECLARED_SELECTOR = YES;
				GCC_WARN_UNINITIALIZED_AUTOS = YES_AGGRESSIVE;
				GCC_WARN_UNUSED_FUNCTION = YES;
				GCC_WARN_UNUSED_VARIABLE = YES;
				IPHONEOS_DEPLOYMENT_TARGET = 8.1;
				MTL_ENABLE_DEBUG_INFO = YES;
				ONLY_ACTIVE_ARCH = YES;
				SDKROOT = iphoneos;
			};
			name = Debug;
		};
		18C9E60C1A480B4600359895 /* Release */ = {
			isa = XCBuildConfiguration;
			buildSettings = {
				ALWAYS_SEARCH_USER_PATHS = NO;
				CLANG_CXX_LANGUAGE_STANDARD = "gnu++0x";
				CLANG_CXX_LIBRARY = "libc++";
				CLANG_ENABLE_MODULES = YES;
				CLANG_ENABLE_OBJC_ARC = YES;
				CLANG_WARN_BOOL_CONVERSION = YES;
				CLANG_WARN_CONSTANT_CONVERSION = YES;
				CLANG_WARN_DIRECT_OBJC_ISA_USAGE = YES_ERROR;
				CLANG_WARN_EMPTY_BODY = YES;
				CLANG_WARN_ENUM_CONVERSION = YES;
				CLANG_WARN_INT_CONVERSION = YES;
				CLANG_WARN_OBJC_ROOT_CLASS = YES_ERROR;
				CLANG_WARN_UNREACHABLE_CODE = YES;
				CLANG_WARN__DUPLICATE_METHOD_MATCH = YES;
				"CODE_SIGN_IDENTITY[sdk=iphoneos*]" = "iPhone Developer";
				COPY_PHASE_STRIP = YES;
				ENABLE_NS_ASSERTIONS = NO;
				ENABLE_STRICT_OBJC_MSGSEND = YES;
				GCC_C_LANGUAGE_STANDARD = gnu99;
				GCC_WARN_64_TO_32_BIT_CONVERSION = YES;
				GCC_WARN_ABOUT_RETURN_TYPE = YES_ERROR;
				GCC_WARN_UNDECLARED_SELECTOR = YES;
				GCC_WARN_UNINITIALIZED_AUTOS = YES_AGGRESSIVE;
				GCC_WARN_UNUSED_FUNCTION = YES;
				GCC_WARN_UNUSED_VARIABLE = YES;
				IPHONEOS_DEPLOYMENT_TARGET = 8.1;
				MTL_ENABLE_DEBUG_INFO = NO;
				SDKROOT = iphoneos;
				VALIDATE_PRODUCT = YES;
			};
			name = Release;
		};
		18C9E60E1A480B4600359895 /* Debug */ = {
			isa = XCBuildConfiguration;
			buildSettings = {
				ASSETCATALOG_COMPILER_APPICON_NAME = AppIcon;
				INFOPLIST_FILE = "B03-复习block/Info.plist";
				LD_RUNPATH_SEARCH_PATHS = "$(inherited) @executable_path/Frameworks";
				PRODUCT_NAME = "$(TARGET_NAME)";
			};
			name = Debug;
		};
		18C9E60F1A480B4600359895 /* Release */ = {
			isa = XCBuildConfiguration;
			buildSettings = {
				ASSETCATALOG_COMPILER_APPICON_NAME = AppIcon;
				INFOPLIST_FILE = "B03-复习block/Info.plist";
				LD_RUNPATH_SEARCH_PATHS = "$(inherited) @executable_path/Frameworks";
				PRODUCT_NAME = "$(TARGET_NAME)";
			};
			name = Release;
		};
		18C9E6111A480B4600359895 /* Debug */ = {
			isa = XCBuildConfiguration;
			buildSettings = {
				BUNDLE_LOADER = "$(TEST_HOST)";
				FRAMEWORK_SEARCH_PATHS = (
					"$(SDKROOT)/Developer/Library/Frameworks",
					"$(inherited)",
				);
				GCC_PREPROCESSOR_DEFINITIONS = (
					"DEBUG=1",
					"$(inherited)",
				);
				INFOPLIST_FILE = "B03-复习blockTests/Info.plist";
				LD_RUNPATH_SEARCH_PATHS = "$(inherited) @executable_path/Frameworks @loader_path/Frameworks";
				PRODUCT_NAME = "$(TARGET_NAME)";
				TEST_HOST = "$(BUILT_PRODUCTS_DIR)/B03-复习block.app/B03-复习block";
			};
			name = Debug;
		};
		18C9E6121A480B4600359895 /* Release */ = {
			isa = XCBuildConfiguration;
			buildSettings = {
				BUNDLE_LOADER = "$(TEST_HOST)";
				FRAMEWORK_SEARCH_PATHS = (
					"$(SDKROOT)/Developer/Library/Frameworks",
					"$(inherited)",
				);
				INFOPLIST_FILE = "B03-复习blockTests/Info.plist";
				LD_RUNPATH_SEARCH_PATHS = "$(inherited) @executable_path/Frameworks @loader_path/Frameworks";
				PRODUCT_NAME = "$(TARGET_NAME)";
				TEST_HOST = "$(BUILT_PRODUCTS_DIR)/B03-复习block.app/B03-复习block";
			};
			name = Release;
		};
/* End XCBuildConfiguration section */

/* Begin XCConfigurationList section */
		18C9E5E51A480B4500359895 /* Build configuration list for PBXProject "B03-复习block" */ = {
			isa = XCConfigurationList;
			buildConfigurations = (
				18C9E60B1A480B4600359895 /* Debug */,
				18C9E60C1A480B4600359895 /* Release */,
			);
			defaultConfigurationIsVisible = 0;
			defaultConfigurationName = Release;
		};
		18C9E60D1A480B4600359895 /* Build configuration list for PBXNativeTarget "B03-复习block" */ = {
			isa = XCConfigurationList;
			buildConfigurations = (
				18C9E60E1A480B4600359895 /* Debug */,
				18C9E60F1A480B4600359895 /* Release */,
			);
			defaultConfigurationIsVisible = 0;
			defaultConfigurationName = Release;
		};
		18C9E6101A480B4600359895 /* Build configuration list for PBXNativeTarget "B03-复习blockTests" */ = {
			isa = XCConfigurationList;
			buildConfigurations = (
				18C9E6111A480B4600359895 /* Debug */,
				18C9E6121A480B4600359895 /* Release */,
			);
			defaultConfigurationIsVisible = 0;
			defaultConfigurationName = Release;
		};
/* End XCConfigurationList section */
	};
	rootObject = 18C9E5E21A480B4500359895 /* Project object */;
}
